
Microsoft Visual Studio Solution File, Format Version 12.00
Project("{FAE04EC0-301F-11D3-BF4B-00C04F79EFBC}") = "INeedAHero4Ed.Core", "INeedAHero4Ed.Core\INeedAHero4Ed.Core.csproj", "{3C90CA7A-86F6-479E-8798-42F90DD09AD3}"
EndProject
Project("{FAE04EC0-301F-11D3-BF4B-00C04F79EFBC}") = "INeedAHero4Ed.Infrastructure", "INeedAHero4Ed.Infrastructure\INeedAHero4Ed.Infrastructure.csproj", "{89C98FBD-58B6-4369-B12E-684AF4BD16A5}"
EndProject
Global
	GlobalSection(SolutionConfigurationPlatforms) = preSolution
		Debug|Any CPU = Debug|Any CPU
		Release|Any CPU = Release|Any CPU
	EndGlobalSection
	GlobalSection(ProjectConfigurationPlatforms) = postSolution
		{3C90CA7A-86F6-479E-8798-42F90DD09AD3}.Debug|Any CPU.ActiveCfg = Debug|Any CPU
		{3C90CA7A-86F6-479E-8798-42F90DD09AD3}.Debug|Any CPU.Build.0 = Debug|Any CPU
		{3C90CA7A-86F6-479E-8798-42F90DD09AD3}.Release|Any CPU.ActiveCfg = Release|Any CPU
		{3C90CA7A-86F6-479E-8798-42F90DD09AD3}.Release|Any CPU.Build.0 = Release|Any CPU
		{89C98FBD-58B6-4369-B12E-684AF4BD16A5}.Debug|Any CPU.ActiveCfg = Debug|Any CPU
		{89C98FBD-58B6-4369-B12E-684AF4BD16A5}.Debug|Any CPU.Build.0 = Debug|Any CPU
		{89C98FBD-58B6-4369-B12E-684AF4BD16A5}.Release|Any CPU.ActiveCfg = Release|Any CPU
		{89C98FBD-58B6-4369-B12E-684AF4BD16A5}.Release|Any CPU.Build.0 = Release|Any CPU
	EndGlobalSection
EndGlobal
